// !$*UTF8*$!
{
	archiveVersion = 1;
	classes = {
	};
	objectVersion = 46;
	objects = {

/* Begin PBXBuildFile section */
		B39B918345FA1F4553D42405 /* Pods.framework in Frameworks */ = {isa = PBXBuildFile; fileRef = 64A787F9EC4ED2DB4BE4D7AD /* Pods.framework */; };
		C90ACF571C3778F90038238E /* Detail.swift in Sources */ = {isa = PBXBuildFile; fileRef = C90ACF561C3778F90038238E /* Detail.swift */; };
		C90ACF591C377B170038238E /* KeywordCollectionViewCell.swift in Sources */ = {isa = PBXBuildFile; fileRef = C90ACF581C377B170038238E /* KeywordCollectionViewCell.swift */; };
		C90ACF5B1C379C680038238E /* CommentTableViewCell.swift in Sources */ = {isa = PBXBuildFile; fileRef = C90ACF5A1C379C680038238E /* CommentTableViewCell.swift */; };
		C93045EC1C4CA4D700AB5CC4 /* KeywordSearchViewController.swift in Sources */ = {isa = PBXBuildFile; fileRef = C93045EB1C4CA4D700AB5CC4 /* KeywordSearchViewController.swift */; };
		C93045EE1C4CACFB00AB5CC4 /* GeneralTableViewCell.swift in Sources */ = {isa = PBXBuildFile; fileRef = C93045ED1C4CACFB00AB5CC4 /* GeneralTableViewCell.swift */; };
		C93045F01C4E5B7900AB5CC4 /* UnivTableViewCell.swift in Sources */ = {isa = PBXBuildFile; fileRef = C93045EF1C4E5B7900AB5CC4 /* UnivTableViewCell.swift */; };
		C93045F21C4F8D1C00AB5CC4 /* SettingViewController.swift in Sources */ = {isa = PBXBuildFile; fileRef = C93045F11C4F8D1C00AB5CC4 /* SettingViewController.swift */; };
		C9585F1E1C38E7D000E80138 /* DetailViewController.swift in Sources */ = {isa = PBXBuildFile; fileRef = C9B8E7011C2FC15700128132 /* DetailViewController.swift */; };
		C96BF7781C466EBC0046749F /* CountTimeManager.swift in Sources */ = {isa = PBXBuildFile; fileRef = C96BF7771C466EBC0046749F /* CountTimeManager.swift */; };
		C9B310811C531C5C002E7165 /* RecentKeywordCollectionViewCell.swift in Sources */ = {isa = PBXBuildFile; fileRef = C9B310801C531C5C002E7165 /* RecentKeywordCollectionViewCell.swift */; };
		C9B310831C531C69002E7165 /* HotKeywordCollectionViewCell.swift in Sources */ = {isa = PBXBuildFile; fileRef = C9B310821C531C69002E7165 /* HotKeywordCollectionViewCell.swift */; };
		C9B310851C531C76002E7165 /* UnivKeywordCollectionViewCell.swift in Sources */ = {isa = PBXBuildFile; fileRef = C9B310841C531C76002E7165 /* UnivKeywordCollectionViewCell.swift */; };
		C9B8E6FA1C29B8E900128132 /* UnivListViewController.swift in Sources */ = {isa = PBXBuildFile; fileRef = C9B8E6F91C29B8E900128132 /* UnivListViewController.swift */; };
		C9B8E7021C2FC15700128132 /* DetailViewController.swift in Sources */ = {isa = PBXBuildFile; fileRef = C9B8E7011C2FC15700128132 /* DetailViewController.swift */; };
		C9B8E7041C2FC17B00128132 /* KeywordViewController.swift in Sources */ = {isa = PBXBuildFile; fileRef = C9B8E7031C2FC17B00128132 /* KeywordViewController.swift */; };
		C9FA52671C770D2500CC1C6D /* NoticeViewController.swift in Sources */ = {isa = PBXBuildFile; fileRef = C9FA52661C770D2500CC1C6D /* NoticeViewController.swift */; };
		C9FA52691C770D4E00CC1C6D /* NoticeTableViewCell.swift in Sources */ = {isa = PBXBuildFile; fileRef = C9FA52681C770D4E00CC1C6D /* NoticeTableViewCell.swift */; };
		E805E4BF1C3B48FB0001134A /* BBAlertView.swift in Sources */ = {isa = PBXBuildFile; fileRef = E805E4BE1C3B48FB0001134A /* BBAlertView.swift */; };
		E805E4C11C3B5FB40001134A /* AlertMessageManager.swift in Sources */ = {isa = PBXBuildFile; fileRef = E805E4C01C3B5FB40001134A /* AlertMessageManager.swift */; };
		E8162F511C38CD3E00D491D3 /* PostBoardAlbumViewController.swift in Sources */ = {isa = PBXBuildFile; fileRef = E8162F4E1C38CD3E00D491D3 /* PostBoardAlbumViewController.swift */; };
		E8162F521C38CD3E00D491D3 /* PhotoCollectionViewCell.swift in Sources */ = {isa = PBXBuildFile; fileRef = E8162F4F1C38CD3E00D491D3 /* PhotoCollectionViewCell.swift */; };
		E8162F531C38CD3E00D491D3 /* PostBoardTabBarViewController.swift in Sources */ = {isa = PBXBuildFile; fileRef = E8162F501C38CD3E00D491D3 /* PostBoardTabBarViewController.swift */; };
		E8162F561C38CD4900D491D3 /* PostBoardVideoViewController.swift in Sources */ = {isa = PBXBuildFile; fileRef = E8162F541C38CD4900D491D3 /* PostBoardVideoViewController.swift */; };
		E8162F571C38CD4900D491D3 /* PostBoardCameraViewController.swift in Sources */ = {isa = PBXBuildFile; fileRef = E8162F551C38CD4900D491D3 /* PostBoardCameraViewController.swift */; };
		E82015011C20267B00F7DD5D /* ResponseObjectSerializable.swift in Sources */ = {isa = PBXBuildFile; fileRef = E82015001C20267B00F7DD5D /* ResponseObjectSerializable.swift */; };
		E82015041C2026C900F7DD5D /* User.swift in Sources */ = {isa = PBXBuildFile; fileRef = E82015031C2026C900F7DD5D /* User.swift */; };
		E82015061C20274A00F7DD5D /* ResponseCollectionSerializable.swift in Sources */ = {isa = PBXBuildFile; fileRef = E82015051C20274A00F7DD5D /* ResponseCollectionSerializable.swift */; };
		E824315B1C7C28B60001FFF4 /* Apns.swift in Sources */ = {isa = PBXBuildFile; fileRef = E824315A1C7C28B60001FFF4 /* Apns.swift */; };
		E82D44221C7576BC0037D83F /* SearchedDataTableViewCell.swift in Sources */ = {isa = PBXBuildFile; fileRef = E82D44211C7576BC0037D83F /* SearchedDataTableViewCell.swift */; };
		E82D44241C7586640037D83F /* RecentKeyword.swift in Sources */ = {isa = PBXBuildFile; fileRef = E82D44231C7586640037D83F /* RecentKeyword.swift */; };
		E82D44261C760F9B0037D83F /* HotKeyword.swift in Sources */ = {isa = PBXBuildFile; fileRef = E82D44251C760F9B0037D83F /* HotKeyword.swift */; };
		E82D44281C760FA80037D83F /* UnivKeyword.swift in Sources */ = {isa = PBXBuildFile; fileRef = E82D44271C760FA80037D83F /* UnivKeyword.swift */; };
		E82D442A1C760FB30037D83F /* SearchKeyword.swift in Sources */ = {isa = PBXBuildFile; fileRef = E82D44291C760FB30037D83F /* SearchKeyword.swift */; };
		E83B1C631CD494EC00BEE09B /* UIViewController+.swift in Sources */ = {isa = PBXBuildFile; fileRef = E83B1C621CD494EC00BEE09B /* UIViewController+.swift */; };
		E83B1C651CD4951D00BEE09B /* UIImageView+.swift in Sources */ = {isa = PBXBuildFile; fileRef = E83B1C641CD4951D00BEE09B /* UIImageView+.swift */; };
		E83B1C6B1CD4BF5D00BEE09B /* KeywordCollectionLayout.swift in Sources */ = {isa = PBXBuildFile; fileRef = E83B1C6A1CD4BF5D00BEE09B /* KeywordCollectionLayout.swift */; };
		E841A6801C250F6400F5450D /* UnivSearchViewController.swift in Sources */ = {isa = PBXBuildFile; fileRef = E841A67F1C250F6400F5450D /* UnivSearchViewController.swift */; };
		E86D7EB71C3F77F30043D3FD /* MypageChangeUniversityViewController.swift in Sources */ = {isa = PBXBuildFile; fileRef = E86D7EB61C3F77F30043D3FD /* MypageChangeUniversityViewController.swift */; };
		E86D7EB91C40A8FA0043D3FD /* KeywordManager.swift in Sources */ = {isa = PBXBuildFile; fileRef = E86D7EB81C40A8FA0043D3FD /* KeywordManager.swift */; };
		E872E48A1C29995A00AB69F7 /* University.swift in Sources */ = {isa = PBXBuildFile; fileRef = E872E4891C29995A00AB69F7 /* University.swift */; };
		E872E48C1C299A0100AB69F7 /* UniversityManager.swift in Sources */ = {isa = PBXBuildFile; fileRef = E872E48B1C299A0100AB69F7 /* UniversityManager.swift */; };
		E872E48E1C299AC000AB69F7 /* UniversityList.plist in Resources */ = {isa = PBXBuildFile; fileRef = E872E48D1C299AC000AB69F7 /* UniversityList.plist */; };
		E872E4901C29A32F00AB69F7 /* LibraryAPI.swift in Sources */ = {isa = PBXBuildFile; fileRef = E872E48F1C29A32F00AB69F7 /* LibraryAPI.swift */; };
		E872E4981C2AA34E00AB69F7 /* BBActivityIndicatorView.swift in Sources */ = {isa = PBXBuildFile; fileRef = E872E4971C2AA34E00AB69F7 /* BBActivityIndicatorView.swift */; };
		E872E49D1C2BFDF800AB69F7 /* Router.swift in Sources */ = {isa = PBXBuildFile; fileRef = E872E49C1C2BFDF800AB69F7 /* Router.swift */; };
		E874BBCA1C21209A00E091A4 /* GeneralBoard.swift in Sources */ = {isa = PBXBuildFile; fileRef = E874BBC91C21209A00E091A4 /* GeneralBoard.swift */; };
		E874BBCC1C2120A900E091A4 /* UnivBoard.swift in Sources */ = {isa = PBXBuildFile; fileRef = E874BBCB1C2120A900E091A4 /* UnivBoard.swift */; };
		E874BBCE1C21211E00E091A4 /* Comment.swift in Sources */ = {isa = PBXBuildFile; fileRef = E874BBCD1C21211E00E091A4 /* Comment.swift */; };
		E874BBD01C21214A00E091A4 /* Keyword.swift in Sources */ = {isa = PBXBuildFile; fileRef = E874BBCF1C21214A00E091A4 /* Keyword.swift */; };
		E874BBDC1C23D3F000E091A4 /* SimpleJsonParser.swift in Sources */ = {isa = PBXBuildFile; fileRef = E874BBDB1C23D3F000E091A4 /* SimpleJsonParser.swift */; };
		E8937F091C1E7D6C0056C5FD /* AppDelegate.swift in Sources */ = {isa = PBXBuildFile; fileRef = E8937F081C1E7D6C0056C5FD /* AppDelegate.swift */; };
		E8937F0B1C1E7D6C0056C5FD /* GeneralListViewController.swift in Sources */ = {isa = PBXBuildFile; fileRef = E8937F0A1C1E7D6C0056C5FD /* GeneralListViewController.swift */; };
		E8937F0E1C1E7D6C0056C5FD /* Main.storyboard in Resources */ = {isa = PBXBuildFile; fileRef = E8937F0C1C1E7D6C0056C5FD /* Main.storyboard */; };
		E8937F101C1E7D6C0056C5FD /* Assets.xcassets in Resources */ = {isa = PBXBuildFile; fileRef = E8937F0F1C1E7D6C0056C5FD /* Assets.xcassets */; };
		E8937F131C1E7D6C0056C5FD /* LaunchScreen.storyboard in Resources */ = {isa = PBXBuildFile; fileRef = E8937F111C1E7D6C0056C5FD /* LaunchScreen.storyboard */; };
		E8937F1E1C1E7D6C0056C5FD /* BambooTests.swift in Sources */ = {isa = PBXBuildFile; fileRef = E8937F1D1C1E7D6C0056C5FD /* BambooTests.swift */; };
		E8937F291C1E7D6C0056C5FD /* BambooUITests.swift in Sources */ = {isa = PBXBuildFile; fileRef = E8937F281C1E7D6C0056C5FD /* BambooUITests.swift */; };
		E895A10C1CD0B0450060B18B /* AlbumLoader.swift in Sources */ = {isa = PBXBuildFile; fileRef = E895A10B1CD0B0450060B18B /* AlbumLoader.swift */; };
		E8C39E541C203C8D0027F3FD /* FirstRunViewController.swift in Sources */ = {isa = PBXBuildFile; fileRef = E8C39E531C203C8D0027F3FD /* FirstRunViewController.swift */; };
		E8CE04C71C31273900983B7A /* PostBoardViewController.swift in Sources */ = {isa = PBXBuildFile; fileRef = E8CE04C61C31273900983B7A /* PostBoardViewController.swift */; };
		E8EC9C241C2E6EA0002A7FA3 /* MainTabBarController.swift in Sources */ = {isa = PBXBuildFile; fileRef = E8EC9C231C2E6EA0002A7FA3 /* MainTabBarController.swift */; };
		E8EC9C261C2E78A5002A7FA3 /* MypageViewController.swift in Sources */ = {isa = PBXBuildFile; fileRef = E8EC9C251C2E78A5002A7FA3 /* MypageViewController.swift */; };
		E8EC9C281C2E9157002A7FA3 /* MyPageTableViewCell.swift in Sources */ = {isa = PBXBuildFile; fileRef = E8EC9C271C2E9157002A7FA3 /* MyPageTableViewCell.swift */; };
		E8EC9C2A1C2E9E5A002A7FA3 /* MyPage.swift in Sources */ = {isa = PBXBuildFile; fileRef = E8EC9C291C2E9E5A002A7FA3 /* MyPage.swift */; };
		E8F161D01C38E33500814311 /* UIImage+CameraFilters.m in Sources */ = {isa = PBXBuildFile; fileRef = E8F161941C38E33500814311 /* UIImage+CameraFilters.m */; };
		E8F161D11C38E33500814311 /* TGCameraAuthorizationViewController.m in Sources */ = {isa = PBXBuildFile; fileRef = E8F161971C38E33500814311 /* TGCameraAuthorizationViewController.m */; };
		E8F161D21C38E33500814311 /* TGCameraNavigationController.m in Sources */ = {isa = PBXBuildFile; fileRef = E8F161991C38E33500814311 /* TGCameraNavigationController.m */; };
		E8F161D31C38E33500814311 /* TGCameraViewController.m in Sources */ = {isa = PBXBuildFile; fileRef = E8F1619B1C38E33500814311 /* TGCameraViewController.m */; };
		E8F161D41C38E33500814311 /* TGPhotoViewController.m in Sources */ = {isa = PBXBuildFile; fileRef = E8F1619D1C38E33500814311 /* TGPhotoViewController.m */; };
		E8F161D51C38E33500814311 /* TGAlbum.m in Sources */ = {isa = PBXBuildFile; fileRef = E8F161A01C38E33500814311 /* TGAlbum.m */; };
		E8F161D61C38E33500814311 /* TGAssetsLibrary.m in Sources */ = {isa = PBXBuildFile; fileRef = E8F161A21C38E33500814311 /* TGAssetsLibrary.m */; };
		E8F161D71C38E33500814311 /* TGCamera.m in Sources */ = {isa = PBXBuildFile; fileRef = E8F161A41C38E33500814311 /* TGCamera.m */; };
		E8F161D81C38E33500814311 /* TGCameraColor.m in Sources */ = {isa = PBXBuildFile; fileRef = E8F161A61C38E33500814311 /* TGCameraColor.m */; };
		E8F161D91C38E33500814311 /* TGCameraFlash.m in Sources */ = {isa = PBXBuildFile; fileRef = E8F161A81C38E33500814311 /* TGCameraFlash.m */; };
		E8F161DA1C38E33500814311 /* TGCameraFocus.m in Sources */ = {isa = PBXBuildFile; fileRef = E8F161AA1C38E33500814311 /* TGCameraFocus.m */; };
		E8F161DB1C38E33500814311 /* TGCameraGrid.m in Sources */ = {isa = PBXBuildFile; fileRef = E8F161AD1C38E33500814311 /* TGCameraGrid.m */; };
		E8F161DC1C38E33500814311 /* TGCameraShot.m in Sources */ = {isa = PBXBuildFile; fileRef = E8F161AF1C38E33500814311 /* TGCameraShot.m */; };
		E8F161DD1C38E33500814311 /* TGCameraToggle.m in Sources */ = {isa = PBXBuildFile; fileRef = E8F161B11C38E33500814311 /* TGCameraToggle.m */; };
		E8F161DE1C38E33500814311 /* TGAssetImageFile.m in Sources */ = {isa = PBXBuildFile; fileRef = E8F161B41C38E33500814311 /* TGAssetImageFile.m */; };
		E8F161DF1C38E33500814311 /* TGCameraFilterView.m in Sources */ = {isa = PBXBuildFile; fileRef = E8F161B71C38E33500814311 /* TGCameraFilterView.m */; };
		E8F161E01C38E33500814311 /* TGCameraFocusView.m in Sources */ = {isa = PBXBuildFile; fileRef = E8F161B91C38E33500814311 /* TGCameraFocusView.m */; };
		E8F161E11C38E33500814311 /* TGCameraGridView.m in Sources */ = {isa = PBXBuildFile; fileRef = E8F161BB1C38E33500814311 /* TGCameraGridView.m */; };
		E8F161E21C38E33500814311 /* TGCameraSlideDownView.m in Sources */ = {isa = PBXBuildFile; fileRef = E8F161BD1C38E33500814311 /* TGCameraSlideDownView.m */; };
		E8F161E31C38E33500814311 /* TGCameraSlideUpView.m in Sources */ = {isa = PBXBuildFile; fileRef = E8F161BF1C38E33500814311 /* TGCameraSlideUpView.m */; };
		E8F161E41C38E33500814311 /* TGCameraSlideView.m in Sources */ = {isa = PBXBuildFile; fileRef = E8F161C11C38E33500814311 /* TGCameraSlideView.m */; };
		E8F161E51C38E33500814311 /* TGTintedButton.m in Sources */ = {isa = PBXBuildFile; fileRef = E8F161C31C38E33500814311 /* TGTintedButton.m */; };
		E8F161E61C38E33500814311 /* TGTintedLabel.m in Sources */ = {isa = PBXBuildFile; fileRef = E8F161C51C38E33500814311 /* TGTintedLabel.m */; };
		E8F161E71C38E33500814311 /* TGCameraAuthorizationViewController.xib in Resources */ = {isa = PBXBuildFile; fileRef = E8F161C71C38E33500814311 /* TGCameraAuthorizationViewController.xib */; };
		E8F161E81C38E33500814311 /* TGCameraViewController.xib in Resources */ = {isa = PBXBuildFile; fileRef = E8F161C91C38E33500814311 /* TGCameraViewController.xib */; };
		E8F161E91C38E33500814311 /* TGPhotoViewController.xib in Resources */ = {isa = PBXBuildFile; fileRef = E8F161CB1C38E33500814311 /* TGPhotoViewController.xib */; };
		E8F161EA1C38E33500814311 /* TGCameraViewController.bundle in Resources */ = {isa = PBXBuildFile; fileRef = E8F161CE1C38E33500814311 /* TGCameraViewController.bundle */; };
		E8F161EB1C38E33500814311 /* TGCameraViewController.xcassets in Resources */ = {isa = PBXBuildFile; fileRef = E8F161CF1C38E33500814311 /* TGCameraViewController.xcassets */; };
/* End PBXBuildFile section */

/* Begin PBXContainerItemProxy section */
		E8937F1A1C1E7D6C0056C5FD /* PBXContainerItemProxy */ = {
			isa = PBXContainerItemProxy;
			containerPortal = E8937EFD1C1E7D6B0056C5FD /* Project object */;
			proxyType = 1;
			remoteGlobalIDString = E8937F041C1E7D6C0056C5FD;
			remoteInfo = Bamboo;
		};
		E8937F251C1E7D6C0056C5FD /* PBXContainerItemProxy */ = {
			isa = PBXContainerItemProxy;
			containerPortal = E8937EFD1C1E7D6B0056C5FD /* Project object */;
			proxyType = 1;
			remoteGlobalIDString = E8937F041C1E7D6C0056C5FD;
			remoteInfo = Bamboo;
		};
/* End PBXContainerItemProxy section */

/* Begin PBXCopyFilesBuildPhase section */
		E872FFA01C74C9DD009554D6 /* Embed Frameworks */ = {
			isa = PBXCopyFilesBuildPhase;
			buildActionMask = 2147483647;
			dstPath = "";
			dstSubfolderSpec = 10;
			files = (
			);
			name = "Embed Frameworks";
			runOnlyForDeploymentPostprocessing = 0;
		};
/* End PBXCopyFilesBuildPhase section */

/* Begin PBXFileReference section */
		1CC90F97DA37C72BFB7C4E8B /* Pods.release.xcconfig */ = {isa = PBXFileReference; includeInIndex = 1; lastKnownFileType = text.xcconfig; name = Pods.release.xcconfig; path = "Pods/Target Support Files/Pods/Pods.release.xcconfig"; sourceTree = "<group>"; };
		64A787F9EC4ED2DB4BE4D7AD /* Pods.framework */ = {isa = PBXFileReference; explicitFileType = wrapper.framework; includeInIndex = 0; path = Pods.framework; sourceTree = BUILT_PRODUCTS_DIR; };
		A65F5D664BA4E2A273558401 /* Pods.debug.xcconfig */ = {isa = PBXFileReference; includeInIndex = 1; lastKnownFileType = text.xcconfig; name = Pods.debug.xcconfig; path = "Pods/Target Support Files/Pods/Pods.debug.xcconfig"; sourceTree = "<group>"; };
		C90ACF561C3778F90038238E /* Detail.swift */ = {isa = PBXFileReference; fileEncoding = 4; lastKnownFileType = sourcecode.swift; path = Detail.swift; sourceTree = "<group>"; };
		C90ACF581C377B170038238E /* KeywordCollectionViewCell.swift */ = {isa = PBXFileReference; fileEncoding = 4; lastKnownFileType = sourcecode.swift; path = KeywordCollectionViewCell.swift; sourceTree = "<group>"; };
		C90ACF5A1C379C680038238E /* CommentTableViewCell.swift */ = {isa = PBXFileReference; fileEncoding = 4; lastKnownFileType = sourcecode.swift; path = CommentTableViewCell.swift; sourceTree = "<group>"; };
		C93045EB1C4CA4D700AB5CC4 /* KeywordSearchViewController.swift */ = {isa = PBXFileReference; fileEncoding = 4; lastKnownFileType = sourcecode.swift; path = KeywordSearchViewController.swift; sourceTree = "<group>"; };
		C93045ED1C4CACFB00AB5CC4 /* GeneralTableViewCell.swift */ = {isa = PBXFileReference; fileEncoding = 4; lastKnownFileType = sourcecode.swift; path = GeneralTableViewCell.swift; sourceTree = "<group>"; };
		C93045EF1C4E5B7900AB5CC4 /* UnivTableViewCell.swift */ = {isa = PBXFileReference; fileEncoding = 4; lastKnownFileType = sourcecode.swift; path = UnivTableViewCell.swift; sourceTree = "<group>"; };
		C93045F11C4F8D1C00AB5CC4 /* SettingViewController.swift */ = {isa = PBXFileReference; fileEncoding = 4; lastKnownFileType = sourcecode.swift; path = SettingViewController.swift; sourceTree = "<group>"; };
		C96BF7771C466EBC0046749F /* CountTimeManager.swift */ = {isa = PBXFileReference; fileEncoding = 4; lastKnownFileType = sourcecode.swift; path = CountTimeManager.swift; sourceTree = "<group>"; };
		C9B310801C531C5C002E7165 /* RecentKeywordCollectionViewCell.swift */ = {isa = PBXFileReference; fileEncoding = 4; lastKnownFileType = sourcecode.swift; path = RecentKeywordCollectionViewCell.swift; sourceTree = "<group>"; };
		C9B310821C531C69002E7165 /* HotKeywordCollectionViewCell.swift */ = {isa = PBXFileReference; fileEncoding = 4; lastKnownFileType = sourcecode.swift; path = HotKeywordCollectionViewCell.swift; sourceTree = "<group>"; };
		C9B310841C531C76002E7165 /* UnivKeywordCollectionViewCell.swift */ = {isa = PBXFileReference; fileEncoding = 4; lastKnownFileType = sourcecode.swift; path = UnivKeywordCollectionViewCell.swift; sourceTree = "<group>"; };
		C9B8E6F91C29B8E900128132 /* UnivListViewController.swift */ = {isa = PBXFileReference; fileEncoding = 4; lastKnownFileType = sourcecode.swift; path = UnivListViewController.swift; sourceTree = "<group>"; };
		C9B8E7011C2FC15700128132 /* DetailViewController.swift */ = {isa = PBXFileReference; fileEncoding = 4; lastKnownFileType = sourcecode.swift; path = DetailViewController.swift; sourceTree = "<group>"; };
		C9B8E7031C2FC17B00128132 /* KeywordViewController.swift */ = {isa = PBXFileReference; fileEncoding = 4; lastKnownFileType = sourcecode.swift; path = KeywordViewController.swift; sourceTree = "<group>"; };
		C9FA52661C770D2500CC1C6D /* NoticeViewController.swift */ = {isa = PBXFileReference; fileEncoding = 4; lastKnownFileType = sourcecode.swift; path = NoticeViewController.swift; sourceTree = "<group>"; };
		C9FA52681C770D4E00CC1C6D /* NoticeTableViewCell.swift */ = {isa = PBXFileReference; fileEncoding = 4; lastKnownFileType = sourcecode.swift; path = NoticeTableViewCell.swift; sourceTree = "<group>"; };
		E805E4BE1C3B48FB0001134A /* BBAlertView.swift */ = {isa = PBXFileReference; fileEncoding = 4; lastKnownFileType = sourcecode.swift; path = BBAlertView.swift; sourceTree = "<group>"; };
		E805E4C01C3B5FB40001134A /* AlertMessageManager.swift */ = {isa = PBXFileReference; fileEncoding = 4; lastKnownFileType = sourcecode.swift; path = AlertMessageManager.swift; sourceTree = "<group>"; };
		E80EA30D1C327EAE00B76E9A /* Bamboo-Bridging-Header.h */ = {isa = PBXFileReference; lastKnownFileType = sourcecode.c.h; path = "Bamboo-Bridging-Header.h"; sourceTree = SOURCE_ROOT; };
		E8162F4E1C38CD3E00D491D3 /* PostBoardAlbumViewController.swift */ = {isa = PBXFileReference; fileEncoding = 4; lastKnownFileType = sourcecode.swift; path = PostBoardAlbumViewController.swift; sourceTree = "<group>"; };
		E8162F4F1C38CD3E00D491D3 /* PhotoCollectionViewCell.swift */ = {isa = PBXFileReference; fileEncoding = 4; lastKnownFileType = sourcecode.swift; path = PhotoCollectionViewCell.swift; sourceTree = "<group>"; };
		E8162F501C38CD3E00D491D3 /* PostBoardTabBarViewController.swift */ = {isa = PBXFileReference; fileEncoding = 4; lastKnownFileType = sourcecode.swift; path = PostBoardTabBarViewController.swift; sourceTree = "<group>"; };
		E8162F541C38CD4900D491D3 /* PostBoardVideoViewController.swift */ = {isa = PBXFileReference; fileEncoding = 4; lastKnownFileType = sourcecode.swift; path = PostBoardVideoViewController.swift; sourceTree = "<group>"; };
		E8162F551C38CD4900D491D3 /* PostBoardCameraViewController.swift */ = {isa = PBXFileReference; fileEncoding = 4; lastKnownFileType = sourcecode.swift; path = PostBoardCameraViewController.swift; sourceTree = "<group>"; };
		E82015001C20267B00F7DD5D /* ResponseObjectSerializable.swift */ = {isa = PBXFileReference; fileEncoding = 4; lastKnownFileType = sourcecode.swift; path = ResponseObjectSerializable.swift; sourceTree = "<group>"; };
		E82015031C2026C900F7DD5D /* User.swift */ = {isa = PBXFileReference; fileEncoding = 4; lastKnownFileType = sourcecode.swift; path = User.swift; sourceTree = "<group>"; };
		E82015051C20274A00F7DD5D /* ResponseCollectionSerializable.swift */ = {isa = PBXFileReference; fileEncoding = 4; lastKnownFileType = sourcecode.swift; path = ResponseCollectionSerializable.swift; sourceTree = "<group>"; };
		E824315A1C7C28B60001FFF4 /* Apns.swift */ = {isa = PBXFileReference; fileEncoding = 4; lastKnownFileType = sourcecode.swift; path = Apns.swift; sourceTree = "<group>"; };
		E82D44211C7576BC0037D83F /* SearchedDataTableViewCell.swift */ = {isa = PBXFileReference; fileEncoding = 4; lastKnownFileType = sourcecode.swift; path = SearchedDataTableViewCell.swift; sourceTree = "<group>"; };
		E82D44231C7586640037D83F /* RecentKeyword.swift */ = {isa = PBXFileReference; fileEncoding = 4; lastKnownFileType = sourcecode.swift; path = RecentKeyword.swift; sourceTree = "<group>"; };
		E82D44251C760F9B0037D83F /* HotKeyword.swift */ = {isa = PBXFileReference; fileEncoding = 4; lastKnownFileType = sourcecode.swift; path = HotKeyword.swift; sourceTree = "<group>"; };
		E82D44271C760FA80037D83F /* UnivKeyword.swift */ = {isa = PBXFileReference; fileEncoding = 4; lastKnownFileType = sourcecode.swift; path = UnivKeyword.swift; sourceTree = "<group>"; };
		E82D44291C760FB30037D83F /* SearchKeyword.swift */ = {isa = PBXFileReference; fileEncoding = 4; lastKnownFileType = sourcecode.swift; path = SearchKeyword.swift; sourceTree = "<group>"; };
		E83B1C621CD494EC00BEE09B /* UIViewController+.swift */ = {isa = PBXFileReference; fileEncoding = 4; lastKnownFileType = sourcecode.swift; path = "UIViewController+.swift"; sourceTree = "<group>"; };
		E83B1C641CD4951D00BEE09B /* UIImageView+.swift */ = {isa = PBXFileReference; fileEncoding = 4; lastKnownFileType = sourcecode.swift; path = "UIImageView+.swift"; sourceTree = "<group>"; };
		E83B1C6A1CD4BF5D00BEE09B /* KeywordCollectionLayout.swift */ = {isa = PBXFileReference; fileEncoding = 4; lastKnownFileType = sourcecode.swift; path = KeywordCollectionLayout.swift; sourceTree = "<group>"; };
		E841A67F1C250F6400F5450D /* UnivSearchViewController.swift */ = {isa = PBXFileReference; fileEncoding = 4; lastKnownFileType = sourcecode.swift; path = UnivSearchViewController.swift; sourceTree = "<group>"; };
		E86D7EB61C3F77F30043D3FD /* MypageChangeUniversityViewController.swift */ = {isa = PBXFileReference; fileEncoding = 4; lastKnownFileType = sourcecode.swift; path = MypageChangeUniversityViewController.swift; sourceTree = "<group>"; };
		E86D7EB81C40A8FA0043D3FD /* KeywordManager.swift */ = {isa = PBXFileReference; fileEncoding = 4; lastKnownFileType = sourcecode.swift; path = KeywordManager.swift; sourceTree = "<group>"; };
		E872E4891C29995A00AB69F7 /* University.swift */ = {isa = PBXFileReference; fileEncoding = 4; lastKnownFileType = sourcecode.swift; path = University.swift; sourceTree = "<group>"; };
		E872E48B1C299A0100AB69F7 /* UniversityManager.swift */ = {isa = PBXFileReference; fileEncoding = 4; lastKnownFileType = sourcecode.swift; path = UniversityManager.swift; sourceTree = "<group>"; };
		E872E48D1C299AC000AB69F7 /* UniversityList.plist */ = {isa = PBXFileReference; fileEncoding = 4; lastKnownFileType = text.plist.xml; path = UniversityList.plist; sourceTree = "<group>"; };
		E872E48F1C29A32F00AB69F7 /* LibraryAPI.swift */ = {isa = PBXFileReference; fileEncoding = 4; lastKnownFileType = sourcecode.swift; path = LibraryAPI.swift; sourceTree = "<group>"; };
		E872E4971C2AA34E00AB69F7 /* BBActivityIndicatorView.swift */ = {isa = PBXFileReference; fileEncoding = 4; lastKnownFileType = sourcecode.swift; path = BBActivityIndicatorView.swift; sourceTree = "<group>"; };
		E872E49C1C2BFDF800AB69F7 /* Router.swift */ = {isa = PBXFileReference; fileEncoding = 4; lastKnownFileType = sourcecode.swift; path = Router.swift; sourceTree = "<group>"; };
		E874BBC91C21209A00E091A4 /* GeneralBoard.swift */ = {isa = PBXFileReference; fileEncoding = 4; lastKnownFileType = sourcecode.swift; path = GeneralBoard.swift; sourceTree = "<group>"; };
		E874BBCB1C2120A900E091A4 /* UnivBoard.swift */ = {isa = PBXFileReference; fileEncoding = 4; lastKnownFileType = sourcecode.swift; path = UnivBoard.swift; sourceTree = "<group>"; };
		E874BBCD1C21211E00E091A4 /* Comment.swift */ = {isa = PBXFileReference; fileEncoding = 4; lastKnownFileType = sourcecode.swift; path = Comment.swift; sourceTree = "<group>"; };
		E874BBCF1C21214A00E091A4 /* Keyword.swift */ = {isa = PBXFileReference; fileEncoding = 4; lastKnownFileType = sourcecode.swift; path = Keyword.swift; sourceTree = "<group>"; };
		E874BBDB1C23D3F000E091A4 /* SimpleJsonParser.swift */ = {isa = PBXFileReference; fileEncoding = 4; lastKnownFileType = sourcecode.swift; path = SimpleJsonParser.swift; sourceTree = "<group>"; };
		E8937F051C1E7D6C0056C5FD /* Bamboo.app */ = {isa = PBXFileReference; explicitFileType = wrapper.application; includeInIndex = 0; path = Bamboo.app; sourceTree = BUILT_PRODUCTS_DIR; };
		E8937F081C1E7D6C0056C5FD /* AppDelegate.swift */ = {isa = PBXFileReference; lastKnownFileType = sourcecode.swift; path = AppDelegate.swift; sourceTree = "<group>"; };
		E8937F0A1C1E7D6C0056C5FD /* GeneralListViewController.swift */ = {isa = PBXFileReference; lastKnownFileType = sourcecode.swift; path = GeneralListViewController.swift; sourceTree = "<group>"; };
		E8937F0D1C1E7D6C0056C5FD /* Base */ = {isa = PBXFileReference; lastKnownFileType = file.storyboard; name = Base; path = Base.lproj/Main.storyboard; sourceTree = "<group>"; };
		E8937F0F1C1E7D6C0056C5FD /* Assets.xcassets */ = {isa = PBXFileReference; lastKnownFileType = folder.assetcatalog; path = Assets.xcassets; sourceTree = "<group>"; };
		E8937F121C1E7D6C0056C5FD /* Base */ = {isa = PBXFileReference; lastKnownFileType = file.storyboard; name = Base; path = Base.lproj/LaunchScreen.storyboard; sourceTree = "<group>"; };
		E8937F141C1E7D6C0056C5FD /* Info.plist */ = {isa = PBXFileReference; lastKnownFileType = text.plist.xml; path = Info.plist; sourceTree = "<group>"; };
		E8937F191C1E7D6C0056C5FD /* BambooTests.xctest */ = {isa = PBXFileReference; explicitFileType = wrapper.cfbundle; includeInIndex = 0; path = BambooTests.xctest; sourceTree = BUILT_PRODUCTS_DIR; };
		E8937F1D1C1E7D6C0056C5FD /* BambooTests.swift */ = {isa = PBXFileReference; lastKnownFileType = sourcecode.swift; path = BambooTests.swift; sourceTree = "<group>"; };
		E8937F1F1C1E7D6C0056C5FD /* Info.plist */ = {isa = PBXFileReference; lastKnownFileType = text.plist.xml; path = Info.plist; sourceTree = "<group>"; };
		E8937F241C1E7D6C0056C5FD /* BambooUITests.xctest */ = {isa = PBXFileReference; explicitFileType = wrapper.cfbundle; includeInIndex = 0; path = BambooUITests.xctest; sourceTree = BUILT_PRODUCTS_DIR; };
		E8937F281C1E7D6C0056C5FD /* BambooUITests.swift */ = {isa = PBXFileReference; lastKnownFileType = sourcecode.swift; path = BambooUITests.swift; sourceTree = "<group>"; };
		E8937F2A1C1E7D6C0056C5FD /* Info.plist */ = {isa = PBXFileReference; lastKnownFileType = text.plist.xml; path = Info.plist; sourceTree = "<group>"; };
		E895A10B1CD0B0450060B18B /* AlbumLoader.swift */ = {isa = PBXFileReference; fileEncoding = 4; lastKnownFileType = sourcecode.swift; path = AlbumLoader.swift; sourceTree = "<group>"; };
		E8C39E531C203C8D0027F3FD /* FirstRunViewController.swift */ = {isa = PBXFileReference; fileEncoding = 4; lastKnownFileType = sourcecode.swift; path = FirstRunViewController.swift; sourceTree = "<group>"; };
		E8CE04C61C31273900983B7A /* PostBoardViewController.swift */ = {isa = PBXFileReference; fileEncoding = 4; lastKnownFileType = sourcecode.swift; path = PostBoardViewController.swift; sourceTree = "<group>"; };
		E8EC9C231C2E6EA0002A7FA3 /* MainTabBarController.swift */ = {isa = PBXFileReference; fileEncoding = 4; lastKnownFileType = sourcecode.swift; path = MainTabBarController.swift; sourceTree = "<group>"; };
		E8EC9C251C2E78A5002A7FA3 /* MypageViewController.swift */ = {isa = PBXFileReference; fileEncoding = 4; lastKnownFileType = sourcecode.swift; path = MypageViewController.swift; sourceTree = "<group>"; };
		E8EC9C271C2E9157002A7FA3 /* MyPageTableViewCell.swift */ = {isa = PBXFileReference; fileEncoding = 4; lastKnownFileType = sourcecode.swift; path = MyPageTableViewCell.swift; sourceTree = "<group>"; };
		E8EC9C291C2E9E5A002A7FA3 /* MyPage.swift */ = {isa = PBXFileReference; fileEncoding = 4; lastKnownFileType = sourcecode.swift; path = MyPage.swift; sourceTree = "<group>"; };
		E8F161931C38E33500814311 /* UIImage+CameraFilters.h */ = {isa = PBXFileReference; fileEncoding = 4; lastKnownFileType = sourcecode.c.h; path = "UIImage+CameraFilters.h"; sourceTree = "<group>"; };
		E8F161941C38E33500814311 /* UIImage+CameraFilters.m */ = {isa = PBXFileReference; fileEncoding = 4; lastKnownFileType = sourcecode.c.objc; path = "UIImage+CameraFilters.m"; sourceTree = "<group>"; };
		E8F161961C38E33500814311 /* TGCameraAuthorizationViewController.h */ = {isa = PBXFileReference; fileEncoding = 4; lastKnownFileType = sourcecode.c.h; path = TGCameraAuthorizationViewController.h; sourceTree = "<group>"; };
		E8F161971C38E33500814311 /* TGCameraAuthorizationViewController.m */ = {isa = PBXFileReference; fileEncoding = 4; lastKnownFileType = sourcecode.c.objc; path = TGCameraAuthorizationViewController.m; sourceTree = "<group>"; };
		E8F161981C38E33500814311 /* TGCameraNavigationController.h */ = {isa = PBXFileReference; fileEncoding = 4; lastKnownFileType = sourcecode.c.h; path = TGCameraNavigationController.h; sourceTree = "<group>"; };
		E8F161991C38E33500814311 /* TGCameraNavigationController.m */ = {isa = PBXFileReference; fileEncoding = 4; lastKnownFileType = sourcecode.c.objc; path = TGCameraNavigationController.m; sourceTree = "<group>"; };
		E8F1619A1C38E33500814311 /* TGCameraViewController.h */ = {isa = PBXFileReference; fileEncoding = 4; lastKnownFileType = sourcecode.c.h; path = TGCameraViewController.h; sourceTree = "<group>"; };
		E8F1619B1C38E33500814311 /* TGCameraViewController.m */ = {isa = PBXFileReference; fileEncoding = 4; lastKnownFileType = sourcecode.c.objc; path = TGCameraViewController.m; sourceTree = "<group>"; };
		E8F1619C1C38E33500814311 /* TGPhotoViewController.h */ = {isa = PBXFileReference; fileEncoding = 4; lastKnownFileType = sourcecode.c.h; path = TGPhotoViewController.h; sourceTree = "<group>"; };
		E8F1619D1C38E33500814311 /* TGPhotoViewController.m */ = {isa = PBXFileReference; fileEncoding = 4; lastKnownFileType = sourcecode.c.objc; path = TGPhotoViewController.m; sourceTree = "<group>"; };
		E8F1619F1C38E33500814311 /* TGAlbum.h */ = {isa = PBXFileReference; fileEncoding = 4; lastKnownFileType = sourcecode.c.h; path = TGAlbum.h; sourceTree = "<group>"; };
		E8F161A01C38E33500814311 /* TGAlbum.m */ = {isa = PBXFileReference; fileEncoding = 4; lastKnownFileType = sourcecode.c.objc; path = TGAlbum.m; sourceTree = "<group>"; };
		E8F161A11C38E33500814311 /* TGAssetsLibrary.h */ = {isa = PBXFileReference; fileEncoding = 4; lastKnownFileType = sourcecode.c.h; path = TGAssetsLibrary.h; sourceTree = "<group>"; };
		E8F161A21C38E33500814311 /* TGAssetsLibrary.m */ = {isa = PBXFileReference; fileEncoding = 4; lastKnownFileType = sourcecode.c.objc; path = TGAssetsLibrary.m; sourceTree = "<group>"; };
		E8F161A31C38E33500814311 /* TGCamera.h */ = {isa = PBXFileReference; fileEncoding = 4; lastKnownFileType = sourcecode.c.h; path = TGCamera.h; sourceTree = "<group>"; };
		E8F161A41C38E33500814311 /* TGCamera.m */ = {isa = PBXFileReference; fileEncoding = 4; lastKnownFileType = sourcecode.c.objc; path = TGCamera.m; sourceTree = "<group>"; };
		E8F161A51C38E33500814311 /* TGCameraColor.h */ = {isa = PBXFileReference; fileEncoding = 4; lastKnownFileType = sourcecode.c.h; path = TGCameraColor.h; sourceTree = "<group>"; };
		E8F161A61C38E33500814311 /* TGCameraColor.m */ = {isa = PBXFileReference; fileEncoding = 4; lastKnownFileType = sourcecode.c.objc; path = TGCameraColor.m; sourceTree = "<group>"; };
		E8F161A71C38E33500814311 /* TGCameraFlash.h */ = {isa = PBXFileReference; fileEncoding = 4; lastKnownFileType = sourcecode.c.h; path = TGCameraFlash.h; sourceTree = "<group>"; };
		E8F161A81C38E33500814311 /* TGCameraFlash.m */ = {isa = PBXFileReference; fileEncoding = 4; lastKnownFileType = sourcecode.c.objc; path = TGCameraFlash.m; sourceTree = "<group>"; };
		E8F161A91C38E33500814311 /* TGCameraFocus.h */ = {isa = PBXFileReference; fileEncoding = 4; lastKnownFileType = sourcecode.c.h; path = TGCameraFocus.h; sourceTree = "<group>"; };
		E8F161AA1C38E33500814311 /* TGCameraFocus.m */ = {isa = PBXFileReference; fileEncoding = 4; lastKnownFileType = sourcecode.c.objc; path = TGCameraFocus.m; sourceTree = "<group>"; };
		E8F161AB1C38E33500814311 /* TGCameraFunctions.h */ = {isa = PBXFileReference; fileEncoding = 4; lastKnownFileType = sourcecode.c.h; path = TGCameraFunctions.h; sourceTree = "<group>"; };
		E8F161AC1C38E33500814311 /* TGCameraGrid.h */ = {isa = PBXFileReference; fileEncoding = 4; lastKnownFileType = sourcecode.c.h; path = TGCameraGrid.h; sourceTree = "<group>"; };
		E8F161AD1C38E33500814311 /* TGCameraGrid.m */ = {isa = PBXFileReference; fileEncoding = 4; lastKnownFileType = sourcecode.c.objc; path = TGCameraGrid.m; sourceTree = "<group>"; };
		E8F161AE1C38E33500814311 /* TGCameraShot.h */ = {isa = PBXFileReference; fileEncoding = 4; lastKnownFileType = sourcecode.c.h; path = TGCameraShot.h; sourceTree = "<group>"; };
		E8F161AF1C38E33500814311 /* TGCameraShot.m */ = {isa = PBXFileReference; fileEncoding = 4; lastKnownFileType = sourcecode.c.objc; path = TGCameraShot.m; sourceTree = "<group>"; };
		E8F161B01C38E33500814311 /* TGCameraToggle.h */ = {isa = PBXFileReference; fileEncoding = 4; lastKnownFileType = sourcecode.c.h; path = TGCameraToggle.h; sourceTree = "<group>"; };
		E8F161B11C38E33500814311 /* TGCameraToggle.m */ = {isa = PBXFileReference; fileEncoding = 4; lastKnownFileType = sourcecode.c.objc; path = TGCameraToggle.m; sourceTree = "<group>"; };
		E8F161B31C38E33500814311 /* TGAssetImageFile.h */ = {isa = PBXFileReference; fileEncoding = 4; lastKnownFileType = sourcecode.c.h; path = TGAssetImageFile.h; sourceTree = "<group>"; };
		E8F161B41C38E33500814311 /* TGAssetImageFile.m */ = {isa = PBXFileReference; fileEncoding = 4; lastKnownFileType = sourcecode.c.objc; path = TGAssetImageFile.m; sourceTree = "<group>"; };
		E8F161B61C38E33500814311 /* TGCameraFilterView.h */ = {isa = PBXFileReference; fileEncoding = 4; lastKnownFileType = sourcecode.c.h; path = TGCameraFilterView.h; sourceTree = "<group>"; };
		E8F161B71C38E33500814311 /* TGCameraFilterView.m */ = {isa = PBXFileReference; fileEncoding = 4; lastKnownFileType = sourcecode.c.objc; path = TGCameraFilterView.m; sourceTree = "<group>"; };
		E8F161B81C38E33500814311 /* TGCameraFocusView.h */ = {isa = PBXFileReference; fileEncoding = 4; lastKnownFileType = sourcecode.c.h; path = TGCameraFocusView.h; sourceTree = "<group>"; };
		E8F161B91C38E33500814311 /* TGCameraFocusView.m */ = {isa = PBXFileReference; fileEncoding = 4; lastKnownFileType = sourcecode.c.objc; path = TGCameraFocusView.m; sourceTree = "<group>"; };
		E8F161BA1C38E33500814311 /* TGCameraGridView.h */ = {isa = PBXFileReference; fileEncoding = 4; lastKnownFileType = sourcecode.c.h; path = TGCameraGridView.h; sourceTree = "<group>"; };
		E8F161BB1C38E33500814311 /* TGCameraGridView.m */ = {isa = PBXFileReference; fileEncoding = 4; lastKnownFileType = sourcecode.c.objc; path = TGCameraGridView.m; sourceTree = "<group>"; };
		E8F161BC1C38E33500814311 /* TGCameraSlideDownView.h */ = {isa = PBXFileReference; fileEncoding = 4; lastKnownFileType = sourcecode.c.h; path = TGCameraSlideDownView.h; sourceTree = "<group>"; };
		E8F161BD1C38E33500814311 /* TGCameraSlideDownView.m */ = {isa = PBXFileReference; fileEncoding = 4; lastKnownFileType = sourcecode.c.objc; path = TGCameraSlideDownView.m; sourceTree = "<group>"; };
		E8F161BE1C38E33500814311 /* TGCameraSlideUpView.h */ = {isa = PBXFileReference; fileEncoding = 4; lastKnownFileType = sourcecode.c.h; path = TGCameraSlideUpView.h; sourceTree = "<group>"; };
		E8F161BF1C38E33500814311 /* TGCameraSlideUpView.m */ = {isa = PBXFileReference; fileEncoding = 4; lastKnownFileType = sourcecode.c.objc; path = TGCameraSlideUpView.m; sourceTree = "<group>"; };
		E8F161C01C38E33500814311 /* TGCameraSlideView.h */ = {isa = PBXFileReference; fileEncoding = 4; lastKnownFileType = sourcecode.c.h; path = TGCameraSlideView.h; sourceTree = "<group>"; };
		E8F161C11C38E33500814311 /* TGCameraSlideView.m */ = {isa = PBXFileReference; fileEncoding = 4; lastKnownFileType = sourcecode.c.objc; path = TGCameraSlideView.m; sourceTree = "<group>"; };
		E8F161C21C38E33500814311 /* TGTintedButton.h */ = {isa = PBXFileReference; fileEncoding = 4; lastKnownFileType = sourcecode.c.h; path = TGTintedButton.h; sourceTree = "<group>"; };
		E8F161C31C38E33500814311 /* TGTintedButton.m */ = {isa = PBXFileReference; fileEncoding = 4; lastKnownFileType = sourcecode.c.objc; path = TGTintedButton.m; sourceTree = "<group>"; };
		E8F161C41C38E33500814311 /* TGTintedLabel.h */ = {isa = PBXFileReference; fileEncoding = 4; lastKnownFileType = sourcecode.c.h; path = TGTintedLabel.h; sourceTree = "<group>"; };
		E8F161C51C38E33500814311 /* TGTintedLabel.m */ = {isa = PBXFileReference; fileEncoding = 4; lastKnownFileType = sourcecode.c.objc; path = TGTintedLabel.m; sourceTree = "<group>"; };
		E8F161C81C38E33500814311 /* Base */ = {isa = PBXFileReference; lastKnownFileType = file.xib; name = Base; path = Base.lproj/TGCameraAuthorizationViewController.xib; sourceTree = "<group>"; };
		E8F161CA1C38E33500814311 /* Base */ = {isa = PBXFileReference; lastKnownFileType = file.xib; name = Base; path = Base.lproj/TGCameraViewController.xib; sourceTree = "<group>"; };
		E8F161CC1C38E33500814311 /* Base */ = {isa = PBXFileReference; lastKnownFileType = file.xib; name = Base; path = Base.lproj/TGPhotoViewController.xib; sourceTree = "<group>"; };
		E8F161CE1C38E33500814311 /* TGCameraViewController.bundle */ = {isa = PBXFileReference; lastKnownFileType = "wrapper.plug-in"; path = TGCameraViewController.bundle; sourceTree = "<group>"; };
		E8F161CF1C38E33500814311 /* TGCameraViewController.xcassets */ = {isa = PBXFileReference; lastKnownFileType = folder.assetcatalog; path = TGCameraViewController.xcassets; sourceTree = "<group>"; };
		E8F161EC1C38FA8100814311 /* Alamofire.framework */ = {isa = PBXFileReference; lastKnownFileType = wrapper.framework; name = Alamofire.framework; path = "Pods/../build/Debug-iphoneos/Alamofire.framework"; sourceTree = "<group>"; };
		E8F161EE1C38FA8600814311 /* AVFoundation.framework */ = {isa = PBXFileReference; lastKnownFileType = wrapper.framework; name = AVFoundation.framework; path = System/Library/Frameworks/AVFoundation.framework; sourceTree = SDKROOT; };
/* End PBXFileReference section */

/* Begin PBXFrameworksBuildPhase section */
		E8937F021C1E7D6C0056C5FD /* Frameworks */ = {
			isa = PBXFrameworksBuildPhase;
			buildActionMask = 2147483647;
			files = (
				B39B918345FA1F4553D42405 /* Pods.framework in Frameworks */,
			);
			runOnlyForDeploymentPostprocessing = 0;
		};
		E8937F161C1E7D6C0056C5FD /* Frameworks */ = {
			isa = PBXFrameworksBuildPhase;
			buildActionMask = 2147483647;
			files = (
			);
			runOnlyForDeploymentPostprocessing = 0;
		};
		E8937F211C1E7D6C0056C5FD /* Frameworks */ = {
			isa = PBXFrameworksBuildPhase;
			buildActionMask = 2147483647;
			files = (
			);
			runOnlyForDeploymentPostprocessing = 0;
		};
/* End PBXFrameworksBuildPhase section */

/* Begin PBXGroup section */
		1F116050AA161F91BE1F59A7 /* Frameworks */ = {
			isa = PBXGroup;
			children = (
				E8F161EE1C38FA8600814311 /* AVFoundation.framework */,
				E8F161EC1C38FA8100814311 /* Alamofire.framework */,
				64A787F9EC4ED2DB4BE4D7AD /* Pods.framework */,
			);
			name = Frameworks;
			sourceTree = "<group>";
		};
		36E4DDAC685555EB90E58AE0 /* Pods */ = {
			isa = PBXGroup;
			children = (
				A65F5D664BA4E2A273558401 /* Pods.debug.xcconfig */,
				1CC90F97DA37C72BFB7C4E8B /* Pods.release.xcconfig */,
			);
			name = Pods;
			sourceTree = "<group>";
		};
		E82014FA1C1E9AB600F7DD5D /* Controller */ = {
			isa = PBXGroup;
			children = (
				E8C39E531C203C8D0027F3FD /* FirstRunViewController.swift */,
				E841A67F1C250F6400F5450D /* UnivSearchViewController.swift */,
				E8EC9C231C2E6EA0002A7FA3 /* MainTabBarController.swift */,
				E8937F0A1C1E7D6C0056C5FD /* GeneralListViewController.swift */,
				C9B8E6F91C29B8E900128132 /* UnivListViewController.swift */,
				E8EC9C251C2E78A5002A7FA3 /* MypageViewController.swift */,
				C9B8E7011C2FC15700128132 /* DetailViewController.swift */,
				C9B8E7031C2FC17B00128132 /* KeywordViewController.swift */,
				E8CE04C61C31273900983B7A /* PostBoardViewController.swift */,
				E8162F501C38CD3E00D491D3 /* PostBoardTabBarViewController.swift */,
				E86D7EB61C3F77F30043D3FD /* MypageChangeUniversityViewController.swift */,
				E8162F4E1C38CD3E00D491D3 /* PostBoardAlbumViewController.swift */,
				E8162F551C38CD4900D491D3 /* PostBoardCameraViewController.swift */,
				E8162F541C38CD4900D491D3 /* PostBoardVideoViewController.swift */,
				C93045EB1C4CA4D700AB5CC4 /* KeywordSearchViewController.swift */,
				C93045F11C4F8D1C00AB5CC4 /* SettingViewController.swift */,
				C9FA52661C770D2500CC1C6D /* NoticeViewController.swift */,
			);
			name = Controller;
			sourceTree = "<group>";
		};
		E82014FC1C1E9ACD00F7DD5D /* Resource */ = {
			isa = PBXGroup;
			children = (
				E82014FE1C1E9B0E00F7DD5D /* plist */,
				E8937F0F1C1E7D6C0056C5FD /* Assets.xcassets */,
			);
			name = Resource;
			sourceTree = "<group>";
		};
		E82014FD1C1E9AD600F7DD5D /* Class */ = {
			isa = PBXGroup;
			children = (
				E83B1C691CD4BEAA00BEE09B /* JsonParser */,
				E83B1C681CD4BE9900BEE09B /* Keyword */,
				E83B1C671CD4BE9100BEE09B /* Router */,
				E83B1C661CD4BE8400BEE09B /* CountTime */,
				E82015021C2026B000F7DD5D /* DataModel */,
			);
			name = Class;
			sourceTree = "<group>";
		};
		E82014FE1C1E9B0E00F7DD5D /* plist */ = {
			isa = PBXGroup;
			children = (
				E8937F141C1E7D6C0056C5FD /* Info.plist */,
				E872E48D1C299AC000AB69F7 /* UniversityList.plist */,
			);
			name = plist;
			sourceTree = "<group>";
		};
		E82014FF1C20265300F7DD5D /* Alamofire */ = {
			isa = PBXGroup;
			children = (
				E82015001C20267B00F7DD5D /* ResponseObjectSerializable.swift */,
				E82015051C20274A00F7DD5D /* ResponseCollectionSerializable.swift */,
			);
			name = Alamofire;
			sourceTree = "<group>";
		};
		E82015021C2026B000F7DD5D /* DataModel */ = {
			isa = PBXGroup;
			children = (
				E82015031C2026C900F7DD5D /* User.swift */,
				E874BBC91C21209A00E091A4 /* GeneralBoard.swift */,
				E874BBCB1C2120A900E091A4 /* UnivBoard.swift */,
				E874BBCD1C21211E00E091A4 /* Comment.swift */,
				E874BBCF1C21214A00E091A4 /* Keyword.swift */,
				E872E4891C29995A00AB69F7 /* University.swift */,
				E8EC9C291C2E9E5A002A7FA3 /* MyPage.swift */,
				C90ACF561C3778F90038238E /* Detail.swift */,
				E82D44231C7586640037D83F /* RecentKeyword.swift */,
				E82D44251C760F9B0037D83F /* HotKeyword.swift */,
				E82D44271C760FA80037D83F /* UnivKeyword.swift */,
				E82D44291C760FB30037D83F /* SearchKeyword.swift */,
				E824315A1C7C28B60001FFF4 /* Apns.swift */,
			);
			name = DataModel;
			sourceTree = "<group>";
		};
		E83B1C611CD494D300BEE09B /* Category */ = {
			isa = PBXGroup;
			children = (
				E83B1C621CD494EC00BEE09B /* UIViewController+.swift */,
				E83B1C641CD4951D00BEE09B /* UIImageView+.swift */,
			);
			name = Category;
			sourceTree = "<group>";
		};
		E83B1C661CD4BE8400BEE09B /* CountTime */ = {
			isa = PBXGroup;
			children = (
				C96BF7771C466EBC0046749F /* CountTimeManager.swift */,
			);
			name = CountTime;
			sourceTree = "<group>";
		};
		E83B1C671CD4BE9100BEE09B /* Router */ = {
			isa = PBXGroup;
			children = (
				E872E49C1C2BFDF800AB69F7 /* Router.swift */,
			);
			name = Router;
			sourceTree = "<group>";
		};
		E83B1C681CD4BE9900BEE09B /* Keyword */ = {
			isa = PBXGroup;
			children = (
				E86D7EB81C40A8FA0043D3FD /* KeywordManager.swift */,
			);
			name = Keyword;
			sourceTree = "<group>";
		};
		E83B1C691CD4BEAA00BEE09B /* JsonParser */ = {
			isa = PBXGroup;
			children = (
				E874BBDB1C23D3F000E091A4 /* SimpleJsonParser.swift */,
			);
			name = JsonParser;
			sourceTree = "<group>";
		};
		E872E4871C29979D00AB69F7 /* CustomView */ = {
			isa = PBXGroup;
			children = (
				E872E4971C2AA34E00AB69F7 /* BBActivityIndicatorView.swift */,
				E805E4BE1C3B48FB0001134A /* BBAlertView.swift */,
				E83B1C6A1CD4BF5D00BEE09B /* KeywordCollectionLayout.swift */,
			);
			name = CustomView;
			sourceTree = "<group>";
		};
		E872E4881C29984100AB69F7 /* Facede */ = {
			isa = PBXGroup;
			children = (
				E872E48B1C299A0100AB69F7 /* UniversityManager.swift */,
				E805E4C01C3B5FB40001134A /* AlertMessageManager.swift */,
				E872E48F1C29A32F00AB69F7 /* LibraryAPI.swift */,
			);
			name = Facede;
			sourceTree = "<group>";
		};
		E874BBD11C213A8600E091A4 /* Cell */ = {
			isa = PBXGroup;
			children = (
				C90ACF581C377B170038238E /* KeywordCollectionViewCell.swift */,
				E8EC9C271C2E9157002A7FA3 /* MyPageTableViewCell.swift */,
				C90ACF5A1C379C680038238E /* CommentTableViewCell.swift */,
				E8162F4F1C38CD3E00D491D3 /* PhotoCollectionViewCell.swift */,
				C93045ED1C4CACFB00AB5CC4 /* GeneralTableViewCell.swift */,
				C93045EF1C4E5B7900AB5CC4 /* UnivTableViewCell.swift */,
				C9B310801C531C5C002E7165 /* RecentKeywordCollectionViewCell.swift */,
				C9B310821C531C69002E7165 /* HotKeywordCollectionViewCell.swift */,
				C9B310841C531C76002E7165 /* UnivKeywordCollectionViewCell.swift */,
				E82D44211C7576BC0037D83F /* SearchedDataTableViewCell.swift */,
				C9FA52681C770D4E00CC1C6D /* NoticeTableViewCell.swift */,
			);
			name = Cell;
			sourceTree = "<group>";
		};
		E8937EFC1C1E7D6B0056C5FD = {
			isa = PBXGroup;
			children = (
				E8937F071C1E7D6C0056C5FD /* Bamboo */,
				E8937F1C1C1E7D6C0056C5FD /* BambooTests */,
				E8937F061C1E7D6C0056C5FD /* Products */,
				36E4DDAC685555EB90E58AE0 /* Pods */,
				1F116050AA161F91BE1F59A7 /* Frameworks */,
			);
			sourceTree = "<group>";
		};
		E8937F061C1E7D6C0056C5FD /* Products */ = {
			isa = PBXGroup;
			children = (
				E8937F051C1E7D6C0056C5FD /* Bamboo.app */,
				E8937F191C1E7D6C0056C5FD /* BambooTests.xctest */,
				E8937F241C1E7D6C0056C5FD /* BambooUITests.xctest */,
			);
			name = Products;
			sourceTree = "<group>";
		};
		E8937F071C1E7D6C0056C5FD /* Bamboo */ = {
			isa = PBXGroup;
			children = (
				E83B1C611CD494D300BEE09B /* Category */,
				E8F161901C38E33500814311 /* TGCameraViewController */,
				E82014FF1C20265300F7DD5D /* Alamofire */,
				E895A10A1CD0AFE20060B18B /* Album */,
				E8937F271C1E7D6C0056C5FD /* BambooUITests */,
				E872E4881C29984100AB69F7 /* Facede */,
				E82014FA1C1E9AB600F7DD5D /* Controller */,
				E82014FD1C1E9AD600F7DD5D /* Class */,
				E872E4871C29979D00AB69F7 /* CustomView */,
				E8937F081C1E7D6C0056C5FD /* AppDelegate.swift */,
				E80EA30D1C327EAE00B76E9A /* Bamboo-Bridging-Header.h */,
				E8937F0C1C1E7D6C0056C5FD /* Main.storyboard */,
				E8937F111C1E7D6C0056C5FD /* LaunchScreen.storyboard */,
				E874BBD11C213A8600E091A4 /* Cell */,
				E82014FC1C1E9ACD00F7DD5D /* Resource */,
			);
			path = Bamboo;
			sourceTree = "<group>";
		};
		E8937F1C1C1E7D6C0056C5FD /* BambooTests */ = {
			isa = PBXGroup;
			children = (
				E8937F1D1C1E7D6C0056C5FD /* BambooTests.swift */,
				E8937F1F1C1E7D6C0056C5FD /* Info.plist */,
			);
			path = BambooTests;
			sourceTree = "<group>";
		};
		E8937F271C1E7D6C0056C5FD /* BambooUITests */ = {
			isa = PBXGroup;
			children = (
				E8937F281C1E7D6C0056C5FD /* BambooUITests.swift */,
				E8937F2A1C1E7D6C0056C5FD /* Info.plist */,
			);
			path = BambooUITests;
			sourceTree = SOURCE_ROOT;
		};
		E895A10A1CD0AFE20060B18B /* Album */ = {
			isa = PBXGroup;
			children = (
				E895A10B1CD0B0450060B18B /* AlbumLoader.swift */,
			);
			name = Album;
			sourceTree = "<group>";
		};
		E8F161901C38E33500814311 /* TGCameraViewController */ = {
			isa = PBXGroup;
			children = (
				E8F161911C38E33500814311 /* Classes */,
				E8F161CD1C38E33500814311 /* Resources */,
				E8F161CF1C38E33500814311 /* TGCameraViewController.xcassets */,
			);
			path = TGCameraViewController;
			sourceTree = "<group>";
		};
		E8F161911C38E33500814311 /* Classes */ = {
			isa = PBXGroup;
			children = (
				E8F161921C38E33500814311 /* Category */,
				E8F161951C38E33500814311 /* Control */,
				E8F1619E1C38E33500814311 /* Helper */,
				E8F161B21C38E33500814311 /* Model */,
				E8F161B51C38E33500814311 /* UI */,
				E8F161C61C38E33500814311 /* View */,
			);
			path = Classes;
			sourceTree = "<group>";
		};
		E8F161921C38E33500814311 /* Category */ = {
			isa = PBXGroup;
			children = (
				E8F161931C38E33500814311 /* UIImage+CameraFilters.h */,
				E8F161941C38E33500814311 /* UIImage+CameraFilters.m */,
			);
			path = Category;
			sourceTree = "<group>";
		};
		E8F161951C38E33500814311 /* Control */ = {
			isa = PBXGroup;
			children = (
				E8F161961C38E33500814311 /* TGCameraAuthorizationViewController.h */,
				E8F161971C38E33500814311 /* TGCameraAuthorizationViewController.m */,
				E8F161981C38E33500814311 /* TGCameraNavigationController.h */,
				E8F161991C38E33500814311 /* TGCameraNavigationController.m */,
				E8F1619A1C38E33500814311 /* TGCameraViewController.h */,
				E8F1619B1C38E33500814311 /* TGCameraViewController.m */,
				E8F1619C1C38E33500814311 /* TGPhotoViewController.h */,
				E8F1619D1C38E33500814311 /* TGPhotoViewController.m */,
			);
			path = Control;
			sourceTree = "<group>";
		};
		E8F1619E1C38E33500814311 /* Helper */ = {
			isa = PBXGroup;
			children = (
				E8F1619F1C38E33500814311 /* TGAlbum.h */,
				E8F161A01C38E33500814311 /* TGAlbum.m */,
				E8F161A11C38E33500814311 /* TGAssetsLibrary.h */,
				E8F161A21C38E33500814311 /* TGAssetsLibrary.m */,
				E8F161A31C38E33500814311 /* TGCamera.h */,
				E8F161A41C38E33500814311 /* TGCamera.m */,
				E8F161A51C38E33500814311 /* TGCameraColor.h */,
				E8F161A61C38E33500814311 /* TGCameraColor.m */,
				E8F161A71C38E33500814311 /* TGCameraFlash.h */,
				E8F161A81C38E33500814311 /* TGCameraFlash.m */,
				E8F161A91C38E33500814311 /* TGCameraFocus.h */,
				E8F161AA1C38E33500814311 /* TGCameraFocus.m */,
				E8F161AB1C38E33500814311 /* TGCameraFunctions.h */,
				E8F161AC1C38E33500814311 /* TGCameraGrid.h */,
				E8F161AD1C38E33500814311 /* TGCameraGrid.m */,
				E8F161AE1C38E33500814311 /* TGCameraShot.h */,
				E8F161AF1C38E33500814311 /* TGCameraShot.m */,
				E8F161B01C38E33500814311 /* TGCameraToggle.h */,
				E8F161B11C38E33500814311 /* TGCameraToggle.m */,
			);
			path = Helper;
			sourceTree = "<group>";
		};
		E8F161B21C38E33500814311 /* Model */ = {
			isa = PBXGroup;
			children = (
				E8F161B31C38E33500814311 /* TGAssetImageFile.h */,
				E8F161B41C38E33500814311 /* TGAssetImageFile.m */,
			);
			path = Model;
			sourceTree = "<group>";
		};
		E8F161B51C38E33500814311 /* UI */ = {
			isa = PBXGroup;
			children = (
				E8F161B61C38E33500814311 /* TGCameraFilterView.h */,
				E8F161B71C38E33500814311 /* TGCameraFilterView.m */,
				E8F161B81C38E33500814311 /* TGCameraFocusView.h */,
				E8F161B91C38E33500814311 /* TGCameraFocusView.m */,
				E8F161BA1C38E33500814311 /* TGCameraGridView.h */,
				E8F161BB1C38E33500814311 /* TGCameraGridView.m */,
				E8F161BC1C38E33500814311 /* TGCameraSlideDownView.h */,
				E8F161BD1C38E33500814311 /* TGCameraSlideDownView.m */,
				E8F161BE1C38E33500814311 /* TGCameraSlideUpView.h */,
				E8F161BF1C38E33500814311 /* TGCameraSlideUpView.m */,
				E8F161C01C38E33500814311 /* TGCameraSlideView.h */,
				E8F161C11C38E33500814311 /* TGCameraSlideView.m */,
				E8F161C21C38E33500814311 /* TGTintedButton.h */,
				E8F161C31C38E33500814311 /* TGTintedButton.m */,
				E8F161C41C38E33500814311 /* TGTintedLabel.h */,
				E8F161C51C38E33500814311 /* TGTintedLabel.m */,
			);
			path = UI;
			sourceTree = "<group>";
		};
		E8F161C61C38E33500814311 /* View */ = {
			isa = PBXGroup;
			children = (
				E8F161C71C38E33500814311 /* TGCameraAuthorizationViewController.xib */,
				E8F161C91C38E33500814311 /* TGCameraViewController.xib */,
				E8F161CB1C38E33500814311 /* TGPhotoViewController.xib */,
			);
			path = View;
			sourceTree = "<group>";
		};
		E8F161CD1C38E33500814311 /* Resources */ = {
			isa = PBXGroup;
			children = (
				E8F161CE1C38E33500814311 /* TGCameraViewController.bundle */,
			);
			path = Resources;
			sourceTree = "<group>";
		};
/* End PBXGroup section */

/* Begin PBXNativeTarget section */
		E8937F041C1E7D6C0056C5FD /* Bamboo */ = {
			isa = PBXNativeTarget;
			buildConfigurationList = E8937F2D1C1E7D6C0056C5FD /* Build configuration list for PBXNativeTarget "Bamboo" */;
			buildPhases = (
				8418A0A78D107E43A2C7BE6F /* Check Pods Manifest.lock */,
				E8937F011C1E7D6C0056C5FD /* Sources */,
				E8937F021C1E7D6C0056C5FD /* Frameworks */,
				E8937F031C1E7D6C0056C5FD /* Resources */,
				8ECDFA78B09F9A219789E2A3 /* Embed Pods Frameworks */,
				4549A9098F8BB744F01E5695 /* Copy Pods Resources */,
				E872FFA01C74C9DD009554D6 /* Embed Frameworks */,
			);
			buildRules = (
			);
			dependencies = (
			);
			name = Bamboo;
			productName = Bamboo;
			productReference = E8937F051C1E7D6C0056C5FD /* Bamboo.app */;
			productType = "com.apple.product-type.application";
		};
		E8937F181C1E7D6C0056C5FD /* BambooTests */ = {
			isa = PBXNativeTarget;
			buildConfigurationList = E8937F301C1E7D6C0056C5FD /* Build configuration list for PBXNativeTarget "BambooTests" */;
			buildPhases = (
				E8937F151C1E7D6C0056C5FD /* Sources */,
				E8937F161C1E7D6C0056C5FD /* Frameworks */,
				E8937F171C1E7D6C0056C5FD /* Resources */,
			);
			buildRules = (
			);
			dependencies = (
				E8937F1B1C1E7D6C0056C5FD /* PBXTargetDependency */,
			);
			name = BambooTests;
			productName = BambooTests;
			productReference = E8937F191C1E7D6C0056C5FD /* BambooTests.xctest */;
			productType = "com.apple.product-type.bundle.unit-test";
		};
		E8937F231C1E7D6C0056C5FD /* BambooUITests */ = {
			isa = PBXNativeTarget;
			buildConfigurationList = E8937F331C1E7D6C0056C5FD /* Build configuration list for PBXNativeTarget "BambooUITests" */;
			buildPhases = (
				E8937F201C1E7D6C0056C5FD /* Sources */,
				E8937F211C1E7D6C0056C5FD /* Frameworks */,
				E8937F221C1E7D6C0056C5FD /* Resources */,
			);
			buildRules = (
			);
			dependencies = (
				E8937F261C1E7D6C0056C5FD /* PBXTargetDependency */,
			);
			name = BambooUITests;
			productName = BambooUITests;
			productReference = E8937F241C1E7D6C0056C5FD /* BambooUITests.xctest */;
			productType = "com.apple.product-type.bundle.ui-testing";
		};
/* End PBXNativeTarget section */

/* Begin PBXProject section */
		E8937EFD1C1E7D6B0056C5FD /* Project object */ = {
			isa = PBXProject;
			attributes = {
				LastSwiftUpdateCheck = 0710;
				LastUpgradeCheck = 0710;
				ORGANIZATIONNAME = ParkTaeHyun;
				TargetAttributes = {
					E8937F041C1E7D6C0056C5FD = {
						CreatedOnToolsVersion = 7.1;
						DevelopmentTeam = QWRWRCD882;
						SystemCapabilities = {
							com.apple.Push = {
								enabled = 0;
							};
						};
					};
					E8937F181C1E7D6C0056C5FD = {
						CreatedOnToolsVersion = 7.1;
						TestTargetID = E8937F041C1E7D6C0056C5FD;
					};
					E8937F231C1E7D6C0056C5FD = {
						CreatedOnToolsVersion = 7.1;
						TestTargetID = E8937F041C1E7D6C0056C5FD;
					};
				};
			};
			buildConfigurationList = E8937F001C1E7D6B0056C5FD /* Build configuration list for PBXProject "Bamboo" */;
			compatibilityVersion = "Xcode 3.2";
			developmentRegion = English;
			hasScannedForEncodings = 0;
			knownRegions = (
				en,
				Base,
			);
			mainGroup = E8937EFC1C1E7D6B0056C5FD;
			productRefGroup = E8937F061C1E7D6C0056C5FD /* Products */;
			projectDirPath = "";
			projectRoot = "";
			targets = (
				E8937F041C1E7D6C0056C5FD /* Bamboo */,
				E8937F181C1E7D6C0056C5FD /* BambooTests */,
				E8937F231C1E7D6C0056C5FD /* BambooUITests */,
			);
		};
/* End PBXProject section */

/* Begin PBXResourcesBuildPhase section */
		E8937F031C1E7D6C0056C5FD /* Resources */ = {
			isa = PBXResourcesBuildPhase;
			buildActionMask = 2147483647;
			files = (
				E8F161EA1C38E33500814311 /* TGCameraViewController.bundle in Resources */,
				E8F161E71C38E33500814311 /* TGCameraAuthorizationViewController.xib in Resources */,
				E8F161EB1C38E33500814311 /* TGCameraViewController.xcassets in Resources */,
				E872E48E1C299AC000AB69F7 /* UniversityList.plist in Resources */,
				E8F161E81C38E33500814311 /* TGCameraViewController.xib in Resources */,
				E8937F131C1E7D6C0056C5FD /* LaunchScreen.storyboard in Resources */,
				E8937F101C1E7D6C0056C5FD /* Assets.xcassets in Resources */,
				E8F161E91C38E33500814311 /* TGPhotoViewController.xib in Resources */,
				E8937F0E1C1E7D6C0056C5FD /* Main.storyboard in Resources */,
			);
			runOnlyForDeploymentPostprocessing = 0;
		};
		E8937F171C1E7D6C0056C5FD /* Resources */ = {
			isa = PBXResourcesBuildPhase;
			buildActionMask = 2147483647;
			files = (
			);
			runOnlyForDeploymentPostprocessing = 0;
		};
		E8937F221C1E7D6C0056C5FD /* Resources */ = {
			isa = PBXResourcesBuildPhase;
			buildActionMask = 2147483647;
			files = (
			);
			runOnlyForDeploymentPostprocessing = 0;
		};
/* End PBXResourcesBuildPhase section */

/* Begin PBXShellScriptBuildPhase section */
		4549A9098F8BB744F01E5695 /* Copy Pods Resources */ = {
			isa = PBXShellScriptBuildPhase;
			buildActionMask = 2147483647;
			files = (
			);
			inputPaths = (
			);
			name = "Copy Pods Resources";
			outputPaths = (
			);
			runOnlyForDeploymentPostprocessing = 0;
			shellPath = /bin/sh;
			shellScript = "\"${SRCROOT}/Pods/Target Support Files/Pods/Pods-resources.sh\"\n";
			showEnvVarsInLog = 0;
		};
		8418A0A78D107E43A2C7BE6F /* Check Pods Manifest.lock */ = {
			isa = PBXShellScriptBuildPhase;
			buildActionMask = 2147483647;
			files = (
			);
			inputPaths = (
			);
			name = "Check Pods Manifest.lock";
			outputPaths = (
			);
			runOnlyForDeploymentPostprocessing = 0;
			shellPath = /bin/sh;
			shellScript = "diff \"${PODS_ROOT}/../Podfile.lock\" \"${PODS_ROOT}/Manifest.lock\" > /dev/null\nif [[ $? != 0 ]] ; then\n    cat << EOM\nerror: The sandbox is not in sync with the Podfile.lock. Run 'pod install' or update your CocoaPods installation.\nEOM\n    exit 1\nfi\n";
			showEnvVarsInLog = 0;
		};
		8ECDFA78B09F9A219789E2A3 /* Embed Pods Frameworks */ = {
			isa = PBXShellScriptBuildPhase;
			buildActionMask = 2147483647;
			files = (
			);
			inputPaths = (
			);
			name = "Embed Pods Frameworks";
			outputPaths = (
			);
			runOnlyForDeploymentPostprocessing = 0;
			shellPath = /bin/sh;
			shellScript = "\"${SRCROOT}/Pods/Target Support Files/Pods/Pods-frameworks.sh\"\n";
			showEnvVarsInLog = 0;
		};
/* End PBXShellScriptBuildPhase section */

/* Begin PBXSourcesBuildPhase section */
		E8937F011C1E7D6C0056C5FD /* Sources */ = {
			isa = PBXSourcesBuildPhase;
			buildActionMask = 2147483647;
			files = (
				E8F161D51C38E33500814311 /* TGAlbum.m in Sources */,
				E872E49D1C2BFDF800AB69F7 /* Router.swift in Sources */,
				C9B8E7021C2FC15700128132 /* DetailViewController.swift in Sources */,
				C9B310811C531C5C002E7165 /* RecentKeywordCollectionViewCell.swift in Sources */,
				E8F161E61C38E33500814311 /* TGTintedLabel.m in Sources */,
				E8EC9C2A1C2E9E5A002A7FA3 /* MyPage.swift in Sources */,
				E82D44261C760F9B0037D83F /* HotKeyword.swift in Sources */,
				E8F161D21C38E33500814311 /* TGCameraNavigationController.m in Sources */,
				E872E4981C2AA34E00AB69F7 /* BBActivityIndicatorView.swift in Sources */,
				E8162F531C38CD3E00D491D3 /* PostBoardTabBarViewController.swift in Sources */,
				E805E4C11C3B5FB40001134A /* AlertMessageManager.swift in Sources */,
				E82D44281C760FA80037D83F /* UnivKeyword.swift in Sources */,
				E8F161DB1C38E33500814311 /* TGCameraGrid.m in Sources */,
				E8F161D41C38E33500814311 /* TGPhotoViewController.m in Sources */,
				E8C39E541C203C8D0027F3FD /* FirstRunViewController.swift in Sources */,
				E83B1C651CD4951D00BEE09B /* UIImageView+.swift in Sources */,
				C96BF7781C466EBC0046749F /* CountTimeManager.swift in Sources */,
				E895A10C1CD0B0450060B18B /* AlbumLoader.swift in Sources */,
				C9B310831C531C69002E7165 /* HotKeywordCollectionViewCell.swift in Sources */,
				C90ACF571C3778F90038238E /* Detail.swift in Sources */,
				E8F161D31C38E33500814311 /* TGCameraViewController.m in Sources */,
				C9B8E7041C2FC17B00128132 /* KeywordViewController.swift in Sources */,
				C90ACF5B1C379C680038238E /* CommentTableViewCell.swift in Sources */,
				E8F161D81C38E33500814311 /* TGCameraColor.m in Sources */,
				C9B8E6FA1C29B8E900128132 /* UnivListViewController.swift in Sources */,
				E8F161D71C38E33500814311 /* TGCamera.m in Sources */,
				C93045EE1C4CACFB00AB5CC4 /* GeneralTableViewCell.swift in Sources */,
				E82D442A1C760FB30037D83F /* SearchKeyword.swift in Sources */,
				E8162F521C38CD3E00D491D3 /* PhotoCollectionViewCell.swift in Sources */,
				C9B310851C531C76002E7165 /* UnivKeywordCollectionViewCell.swift in Sources */,
				E8EC9C241C2E6EA0002A7FA3 /* MainTabBarController.swift in Sources */,
				E86D7EB71C3F77F30043D3FD /* MypageChangeUniversityViewController.swift in Sources */,
				E874BBDC1C23D3F000E091A4 /* SimpleJsonParser.swift in Sources */,
				E824315B1C7C28B60001FFF4 /* Apns.swift in Sources */,
				E8F161D11C38E33500814311 /* TGCameraAuthorizationViewController.m in Sources */,
				E8F161E31C38E33500814311 /* TGCameraSlideUpView.m in Sources */,
				E874BBD01C21214A00E091A4 /* Keyword.swift in Sources */,
				E874BBCA1C21209A00E091A4 /* GeneralBoard.swift in Sources */,
				E8F161DD1C38E33500814311 /* TGCameraToggle.m in Sources */,
				E841A6801C250F6400F5450D /* UnivSearchViewController.swift in Sources */,
				E82015041C2026C900F7DD5D /* User.swift in Sources */,
				E8CE04C71C31273900983B7A /* PostBoardViewController.swift in Sources */,
				E86D7EB91C40A8FA0043D3FD /* KeywordManager.swift in Sources */,
				C90ACF591C377B170038238E /* KeywordCollectionViewCell.swift in Sources */,
				C93045EC1C4CA4D700AB5CC4 /* KeywordSearchViewController.swift in Sources */,
				E8F161DC1C38E33500814311 /* TGCameraShot.m in Sources */,
				E8F161DE1C38E33500814311 /* TGAssetImageFile.m in Sources */,
				E8937F0B1C1E7D6C0056C5FD /* GeneralListViewController.swift in Sources */,
				E872E48C1C299A0100AB69F7 /* UniversityManager.swift in Sources */,
				E8EC9C261C2E78A5002A7FA3 /* MypageViewController.swift in Sources */,
				E82D44221C7576BC0037D83F /* SearchedDataTableViewCell.swift in Sources */,
				C93045F01C4E5B7900AB5CC4 /* UnivTableViewCell.swift in Sources */,
				E874BBCC1C2120A900E091A4 /* UnivBoard.swift in Sources */,
				E872E4901C29A32F00AB69F7 /* LibraryAPI.swift in Sources */,
				E805E4BF1C3B48FB0001134A /* BBAlertView.swift in Sources */,
				E83B1C6B1CD4BF5D00BEE09B /* KeywordCollectionLayout.swift in Sources */,
				E8162F571C38CD4900D491D3 /* PostBoardCameraViewController.swift in Sources */,
				E8F161E41C38E33500814311 /* TGCameraSlideView.m in Sources */,
				E8F161E51C38E33500814311 /* TGTintedButton.m in Sources */,
				E8162F511C38CD3E00D491D3 /* PostBoardAlbumViewController.swift in Sources */,
				E82015061C20274A00F7DD5D /* ResponseCollectionSerializable.swift in Sources */,
				E8937F091C1E7D6C0056C5FD /* AppDelegate.swift in Sources */,
				E8F161E21C38E33500814311 /* TGCameraSlideDownView.m in Sources */,
				E82D44241C7586640037D83F /* RecentKeyword.swift in Sources */,
				E8F161DF1C38E33500814311 /* TGCameraFilterView.m in Sources */,
				E8F161E01C38E33500814311 /* TGCameraFocusView.m in Sources */,
				C9FA52671C770D2500CC1C6D /* NoticeViewController.swift in Sources */,
				E8F161D91C38E33500814311 /* TGCameraFlash.m in Sources */,
				C93045F21C4F8D1C00AB5CC4 /* SettingViewController.swift in Sources */,
				E8EC9C281C2E9157002A7FA3 /* MyPageTableViewCell.swift in Sources */,
				E8F161D61C38E33500814311 /* TGAssetsLibrary.m in Sources */,
				E874BBCE1C21211E00E091A4 /* Comment.swift in Sources */,
				C9FA52691C770D4E00CC1C6D /* NoticeTableViewCell.swift in Sources */,
				E82015011C20267B00F7DD5D /* ResponseObjectSerializable.swift in Sources */,
				E8F161D01C38E33500814311 /* UIImage+CameraFilters.m in Sources */,
				E872E48A1C29995A00AB69F7 /* University.swift in Sources */,
				E83B1C631CD494EC00BEE09B /* UIViewController+.swift in Sources */,
				E8F161DA1C38E33500814311 /* TGCameraFocus.m in Sources */,
				E8162F561C38CD4900D491D3 /* PostBoardVideoViewController.swift in Sources */,
				E8F161E11C38E33500814311 /* TGCameraGridView.m in Sources */,
			);
			runOnlyForDeploymentPostprocessing = 0;
		};
		E8937F151C1E7D6C0056C5FD /* Sources */ = {
			isa = PBXSourcesBuildPhase;
			buildActionMask = 2147483647;
			files = (
				E8937F1E1C1E7D6C0056C5FD /* BambooTests.swift in Sources */,
			);
			runOnlyForDeploymentPostprocessing = 0;
		};
		E8937F201C1E7D6C0056C5FD /* Sources */ = {
			isa = PBXSourcesBuildPhase;
			buildActionMask = 2147483647;
			files = (
				E8937F291C1E7D6C0056C5FD /* BambooUITests.swift in Sources */,
				C9585F1E1C38E7D000E80138 /* DetailViewController.swift in Sources */,
			);
			runOnlyForDeploymentPostprocessing = 0;
		};
/* End PBXSourcesBuildPhase section */

/* Begin PBXTargetDependency section */
		E8937F1B1C1E7D6C0056C5FD /* PBXTargetDependency */ = {
			isa = PBXTargetDependency;
			target = E8937F041C1E7D6C0056C5FD /* Bamboo */;
			targetProxy = E8937F1A1C1E7D6C0056C5FD /* PBXContainerItemProxy */;
		};
		E8937F261C1E7D6C0056C5FD /* PBXTargetDependency */ = {
			isa = PBXTargetDependency;
			target = E8937F041C1E7D6C0056C5FD /* Bamboo */;
			targetProxy = E8937F251C1E7D6C0056C5FD /* PBXContainerItemProxy */;
		};
/* End PBXTargetDependency section */

/* Begin PBXVariantGroup section */
		E8937F0C1C1E7D6C0056C5FD /* Main.storyboard */ = {
			isa = PBXVariantGroup;
			children = (
				E8937F0D1C1E7D6C0056C5FD /* Base */,
			);
			name = Main.storyboard;
			sourceTree = "<group>";
		};
		E8937F111C1E7D6C0056C5FD /* LaunchScreen.storyboard */ = {
			isa = PBXVariantGroup;
			children = (
				E8937F121C1E7D6C0056C5FD /* Base */,
			);
			name = LaunchScreen.storyboard;
			sourceTree = "<group>";
		};
		E8F161C71C38E33500814311 /* TGCameraAuthorizationViewController.xib */ = {
			isa = PBXVariantGroup;
			children = (
				E8F161C81C38E33500814311 /* Base */,
			);
			name = TGCameraAuthorizationViewController.xib;
			sourceTree = "<group>";
		};
		E8F161C91C38E33500814311 /* TGCameraViewController.xib */ = {
			isa = PBXVariantGroup;
			children = (
				E8F161CA1C38E33500814311 /* Base */,
			);
			name = TGCameraViewController.xib;
			sourceTree = "<group>";
		};
		E8F161CB1C38E33500814311 /* TGPhotoViewController.xib */ = {
			isa = PBXVariantGroup;
			children = (
				E8F161CC1C38E33500814311 /* Base */,
			);
			name = TGPhotoViewController.xib;
			sourceTree = "<group>";
		};
/* End PBXVariantGroup section */

/* Begin XCBuildConfiguration section */
		E8937F2B1C1E7D6C0056C5FD /* Debug */ = {
			isa = XCBuildConfiguration;
			buildSettings = {
				ALWAYS_SEARCH_USER_PATHS = NO;
				CLANG_CXX_LANGUAGE_STANDARD = "gnu++0x";
				CLANG_CXX_LIBRARY = "libc++";
				CLANG_ENABLE_MODULES = YES;
				CLANG_ENABLE_OBJC_ARC = YES;
				CLANG_WARN_BOOL_CONVERSION = YES;
				CLANG_WARN_CONSTANT_CONVERSION = YES;
				CLANG_WARN_DIRECT_OBJC_ISA_USAGE = YES_ERROR;
				CLANG_WARN_EMPTY_BODY = YES;
				CLANG_WARN_ENUM_CONVERSION = YES;
				CLANG_WARN_INT_CONVERSION = YES;
				CLANG_WARN_OBJC_ROOT_CLASS = YES_ERROR;
				CLANG_WARN_UNREACHABLE_CODE = YES;
				CLANG_WARN__DUPLICATE_METHOD_MATCH = YES;
				"CODE_SIGN_IDENTITY[sdk=iphoneos*]" = "iPhone Developer";
				COPY_PHASE_STRIP = NO;
				DEBUG_INFORMATION_FORMAT = dwarf;
				ENABLE_STRICT_OBJC_MSGSEND = YES;
				ENABLE_TESTABILITY = YES;
				GCC_C_LANGUAGE_STANDARD = gnu99;
				GCC_DYNAMIC_NO_PIC = NO;
				GCC_NO_COMMON_BLOCKS = YES;
				GCC_OPTIMIZATION_LEVEL = 0;
				GCC_PREPROCESSOR_DEFINITIONS = (
					"DEBUG=1",
					"$(inherited)",
				);
				GCC_WARN_64_TO_32_BIT_CONVERSION = YES;
				GCC_WARN_ABOUT_RETURN_TYPE = YES_ERROR;
				GCC_WARN_UNDECLARED_SELECTOR = YES;
				GCC_WARN_UNINITIALIZED_AUTOS = YES_AGGRESSIVE;
				GCC_WARN_UNUSED_FUNCTION = YES;
				GCC_WARN_UNUSED_VARIABLE = YES;
				IPHONEOS_DEPLOYMENT_TARGET = 8.0;
				MTL_ENABLE_DEBUG_INFO = YES;
				ONLY_ACTIVE_ARCH = YES;
				SDKROOT = iphoneos;
				SWIFT_OPTIMIZATION_LEVEL = "-Onone";
			};
			name = Debug;
		};
		E8937F2C1C1E7D6C0056C5FD /* Release */ = {
			isa = XCBuildConfiguration;
			buildSettings = {
				ALWAYS_SEARCH_USER_PATHS = NO;
				CLANG_CXX_LANGUAGE_STANDARD = "gnu++0x";
				CLANG_CXX_LIBRARY = "libc++";
				CLANG_ENABLE_MODULES = YES;
				CLANG_ENABLE_OBJC_ARC = YES;
				CLANG_WARN_BOOL_CONVERSION = YES;
				CLANG_WARN_CONSTANT_CONVERSION = YES;
				CLANG_WARN_DIRECT_OBJC_ISA_USAGE = YES_ERROR;
				CLANG_WARN_EMPTY_BODY = YES;
				CLANG_WARN_ENUM_CONVERSION = YES;
				CLANG_WARN_INT_CONVERSION = YES;
				CLANG_WARN_OBJC_ROOT_CLASS = YES_ERROR;
				CLANG_WARN_UNREACHABLE_CODE = YES;
				CLANG_WARN__DUPLICATE_METHOD_MATCH = YES;
				"CODE_SIGN_IDENTITY[sdk=iphoneos*]" = "iPhone Developer";
				COPY_PHASE_STRIP = NO;
				DEBUG_INFORMATION_FORMAT = "dwarf-with-dsym";
				ENABLE_NS_ASSERTIONS = NO;
				ENABLE_STRICT_OBJC_MSGSEND = YES;
				GCC_C_LANGUAGE_STANDARD = gnu99;
				GCC_NO_COMMON_BLOCKS = YES;
				GCC_WARN_64_TO_32_BIT_CONVERSION = YES;
				GCC_WARN_ABOUT_RETURN_TYPE = YES_ERROR;
				GCC_WARN_UNDECLARED_SELECTOR = YES;
				GCC_WARN_UNINITIALIZED_AUTOS = YES_AGGRESSIVE;
				GCC_WARN_UNUSED_FUNCTION = YES;
				GCC_WARN_UNUSED_VARIABLE = YES;
				IPHONEOS_DEPLOYMENT_TARGET = 8.0;
				MTL_ENABLE_DEBUG_INFO = NO;
				SDKROOT = iphoneos;
				VALIDATE_PRODUCT = YES;
			};
			name = Release;
		};
		E8937F2E1C1E7D6C0056C5FD /* Debug */ = {
			isa = XCBuildConfiguration;
			baseConfigurationReference = A65F5D664BA4E2A273558401 /* Pods.debug.xcconfig */;
			buildSettings = {
				ASSETCATALOG_COMPILER_APPICON_NAME = AppIcon;
				CODE_SIGN_IDENTITY = "iPhone Developer";
				"CODE_SIGN_IDENTITY[sdk=iphoneos*]" = "iPhone Developer";
				ENABLE_BITCODE = NO;
				FRAMEWORK_SEARCH_PATHS = "$(PROJECT_DIR)";
				INFOPLIST_FILE = Bamboo/Info.plist;
				IPHONEOS_DEPLOYMENT_TARGET = 8.3;
				LD_RUNPATH_SEARCH_PATHS = "$(inherited) @executable_path/Frameworks";
				LIBRARY_SEARCH_PATHS = "";
				PRODUCT_BUNDLE_IDENTIFIER = com.mashup.bamboo;
				PRODUCT_NAME = "$(TARGET_NAME)";
				PROVISIONING_PROFILE = "";
				SWIFT_OBJC_BRIDGING_HEADER = "/Users/ParkTaeHyun/Desktop/Bamboo/Bamboo-Bridging-Header.h";
			};
			name = Debug;
		};
		E8937F2F1C1E7D6C0056C5FD /* Release */ = {
			isa = XCBuildConfiguration;
			baseConfigurationReference = 1CC90F97DA37C72BFB7C4E8B /* Pods.release.xcconfig */;
			buildSettings = {
				ASSETCATALOG_COMPILER_APPICON_NAME = AppIcon;
				CODE_SIGN_IDENTITY = "iPhone Developer";
				"CODE_SIGN_IDENTITY[sdk=iphoneos*]" = "iPhone Developer";
				ENABLE_BITCODE = NO;
				FRAMEWORK_SEARCH_PATHS = "$(PROJECT_DIR)";
				"FRAMEWORK_SEARCH_PATHS[arch=*]" = "";
				INFOPLIST_FILE = Bamboo/Info.plist;
				IPHONEOS_DEPLOYMENT_TARGET = 8.3;
				LD_RUNPATH_SEARCH_PATHS = "$(inherited) @executable_path/Frameworks";
				LIBRARY_SEARCH_PATHS = "";
				PRODUCT_BUNDLE_IDENTIFIER = com.mashup.bamboo;
				PRODUCT_NAME = "$(TARGET_NAME)";
				PROVISIONING_PROFILE = "";
				SWIFT_OBJC_BRIDGING_HEADER = "/Users/ParkTaeHyun/Desktop/Bamboo/Bamboo-Bridging-Header.h";
			};
			name = Release;
		};
		E8937F311C1E7D6C0056C5FD /* Debug */ = {
			isa = XCBuildConfiguration;
			buildSettings = {
				BUNDLE_LOADER = "$(TEST_HOST)";
				INFOPLIST_FILE = BambooTests/Info.plist;
				LD_RUNPATH_SEARCH_PATHS = "$(inherited) @executable_path/Frameworks @loader_path/Frameworks";
				PRODUCT_BUNDLE_IDENTIFIER = com.ewha.BambooTests;
				PRODUCT_NAME = "$(TARGET_NAME)";
				TEST_HOST = "$(BUILT_PRODUCTS_DIR)/Bamboo.app/Bamboo";
			};
			name = Debug;
		};
		E8937F321C1E7D6C0056C5FD /* Release */ = {
			isa = XCBuildConfiguration;
			buildSettings = {
				BUNDLE_LOADER = "$(TEST_HOST)";
				INFOPLIST_FILE = BambooTests/Info.plist;
				LD_RUNPATH_SEARCH_PATHS = "$(inherited) @executable_path/Frameworks @loader_path/Frameworks";
				PRODUCT_BUNDLE_IDENTIFIER = com.ewha.BambooTests;
				PRODUCT_NAME = "$(TARGET_NAME)";
				TEST_HOST = "$(BUILT_PRODUCTS_DIR)/Bamboo.app/Bamboo";
			};
			name = Release;
		};
		E8937F341C1E7D6C0056C5FD /* Debug */ = {
			isa = XCBuildConfiguration;
			buildSettings = {
				INFOPLIST_FILE = BambooUITests/Info.plist;
				LD_RUNPATH_SEARCH_PATHS = "$(inherited) @executable_path/Frameworks @loader_path/Frameworks";
				PRODUCT_BUNDLE_IDENTIFIER = com.ewha.BambooUITests;
				PRODUCT_NAME = "$(TARGET_NAME)";
				TEST_TARGET_NAME = Bamboo;
				USES_XCTRUNNER = YES;
			};
			name = Debug;
		};
		E8937F351C1E7D6C0056C5FD /* Release */ = {
			isa = XCBuildConfiguration;
			buildSettings = {
				INFOPLIST_FILE = BambooUITests/Info.plist;
				LD_RUNPATH_SEARCH_PATHS = "$(inherited) @executable_path/Frameworks @loader_path/Frameworks";
				PRODUCT_BUNDLE_IDENTIFIER = com.ewha.BambooUITests;
				PRODUCT_NAME = "$(TARGET_NAME)";
				TEST_TARGET_NAME = Bamboo;
				USES_XCTRUNNER = YES;
			};
			name = Release;
		};
/* End XCBuildConfiguration section */

/* Begin XCConfigurationList section */
		E8937F001C1E7D6B0056C5FD /* Build configuration list for PBXProject "Bamboo" */ = {
			isa = XCConfigurationList;
			buildConfigurations = (
				E8937F2B1C1E7D6C0056C5FD /* Debug */,
				E8937F2C1C1E7D6C0056C5FD /* Release */,
			);
			defaultConfigurationIsVisible = 0;
			defaultConfigurationName = Release;
		};
		E8937F2D1C1E7D6C0056C5FD /* Build configuration list for PBXNativeTarget "Bamboo" */ = {
			isa = XCConfigurationList;
			buildConfigurations = (
				E8937F2E1C1E7D6C0056C5FD /* Debug */,
				E8937F2F1C1E7D6C0056C5FD /* Release */,
			);
			defaultConfigurationIsVisible = 0;
			defaultConfigurationName = Release;
		};
		E8937F301C1E7D6C0056C5FD /* Build configuration list for PBXNativeTarget "BambooTests" */ = {
			isa = XCConfigurationList;
			buildConfigurations = (
				E8937F311C1E7D6C0056C5FD /* Debug */,
				E8937F321C1E7D6C0056C5FD /* Release */,
			);
			defaultConfigurationIsVisible = 0;
			defaultConfigurationName = Release;
		};
		E8937F331C1E7D6C0056C5FD /* Build configuration list for PBXNativeTarget "BambooUITests" */ = {
			isa = XCConfigurationList;
			buildConfigurations = (
				E8937F341C1E7D6C0056C5FD /* Debug */,
				E8937F351C1E7D6C0056C5FD /* Release */,
			);
			defaultConfigurationIsVisible = 0;
			defaultConfigurationName = Release;
		};
/* End XCConfigurationList section */
	};
	rootObject = E8937EFD1C1E7D6B0056C5FD /* Project object */;
}
